// !$*UTF8*$!
{
	archiveVersion = 1;
	classes = {
	};
	objectVersion = 77;
	objects = {

/* Begin PBXBuildFile section */
		823942B02CA2018A0083CB37 /* StoreKit.framework in Frameworks */ = {isa = PBXBuildFile; fileRef = 823942AF2CA2018A0083CB37 /* StoreKit.framework */; };
		8239438C2CA203440083CB37 /* Lottie in Frameworks */ = {isa = PBXBuildFile; productRef = 8239438B2CA203440083CB37 /* Lottie */; };
/* End PBXBuildFile section */

/* Begin PBXContainerItemProxy section */
		8210E3DA2C9B7AA300F3D6F7 /* PBXContainerItemProxy */ = {
			isa = PBXContainerItemProxy;
			containerPortal = 8210E3C12C9B7AA100F3D6F7 /* Project object */;
			proxyType = 1;
			remoteGlobalIDString = 8210E3C82C9B7AA100F3D6F7;
			remoteInfo = PuzzleAI;
		};
		8210E3E42C9B7AA300F3D6F7 /* PBXContainerItemProxy */ = {
			isa = PBXContainerItemProxy;
			containerPortal = 8210E3C12C9B7AA100F3D6F7 /* Project object */;
			proxyType = 1;
			remoteGlobalIDString = 8210E3C82C9B7AA100F3D6F7;
			remoteInfo = PuzzleAI;
		};
/* End PBXContainerItemProxy section */

/* Begin PBXFileReference section */
		8210E3C92C9B7AA100F3D6F7 /* PuzzleAI.app */ = {isa = PBXFileReference; explicitFileType = wrapper.application; includeInIndex = 0; path = PuzzleAI.app; sourceTree = BUILT_PRODUCTS_DIR; };
		8210E3D92C9B7AA300F3D6F7 /* PuzzleAITests.xctest */ = {isa = PBXFileReference; explicitFileType = wrapper.cfbundle; includeInIndex = 0; path = PuzzleAITests.xctest; sourceTree = BUILT_PRODUCTS_DIR; };
		8210E3E32C9B7AA300F3D6F7 /* PuzzleAIUITests.xctest */ = {isa = PBXFileReference; explicitFileType = wrapper.cfbundle; includeInIndex = 0; path = PuzzleAIUITests.xctest; sourceTree = BUILT_PRODUCTS_DIR; };
		823942AF2CA2018A0083CB37 /* StoreKit.framework */ = {isa = PBXFileReference; lastKnownFileType = wrapper.framework; name = StoreKit.framework; path = System/Library/Frameworks/StoreKit.framework; sourceTree = SDKROOT; };
/* End PBXFileReference section */

/* Begin PBXFileSystemSynchronizedBuildFileExceptionSet section */
		823942B22CA201A60083CB37 /* Exceptions for "PuzzleAI" folder in "PuzzleAI" target */ = {
			isa = PBXFileSystemSynchronizedBuildFileExceptionSet;
			membershipExceptions = (
				Info.plist,
			);
			target = 8210E3C82C9B7AA100F3D6F7 /* PuzzleAI */;
		};
/* End PBXFileSystemSynchronizedBuildFileExceptionSet section */

/* Begin PBXFileSystemSynchronizedRootGroup section */
		8210E3CB2C9B7AA100F3D6F7 /* PuzzleAI */ = {
			isa = PBXFileSystemSynchronizedRootGroup;
			exceptions = (
				823942B22CA201A60083CB37 /* Exceptions for "PuzzleAI" folder in "PuzzleAI" target */,
			);
			path = PuzzleAI;
			sourceTree = "<group>";
		};
		8210E3DC2C9B7AA300F3D6F7 /* PuzzleAITests */ = {
			isa = PBXFileSystemSynchronizedRootGroup;
			path = PuzzleAITests;
			sourceTree = "<group>";
		};
		8210E3E62C9B7AA300F3D6F7 /* PuzzleAIUITests */ = {
			isa = PBXFileSystemSynchronizedRootGroup;
			path = PuzzleAIUITests;
			sourceTree = "<group>";
		};
/* End PBXFileSystemSynchronizedRootGroup section */

/* Begin PBXFrameworksBuildPhase section */
		8210E3C62C9B7AA100F3D6F7 /* Frameworks */ = {
			isa = PBXFrameworksBuildPhase;
			buildActionMask = 2147483647;
			files = (
				823942B02CA2018A0083CB37 /* StoreKit.framework in Frameworks */,
				8239438C2CA203440083CB37 /* Lottie in Frameworks */,
			);
			runOnlyForDeploymentPostprocessing = 0;
		};
		8210E3D62C9B7AA300F3D6F7 /* Frameworks */ = {
			isa = PBXFrameworksBuildPhase;
			buildActionMask = 2147483647;
			files = (
			);
			runOnlyForDeploymentPostprocessing = 0;
		};
		8210E3E02C9B7AA300F3D6F7 /* Frameworks */ = {
			isa = PBXFrameworksBuildPhase;
			buildActionMask = 2147483647;
			files = (
			);
			runOnlyForDeploymentPostprocessing = 0;
		};
/* End PBXFrameworksBuildPhase section */

/* Begin PBXGroup section */
		8210E3C02C9B7AA100F3D6F7 = {
			isa = PBXGroup;
			children = (
				8210E3CB2C9B7AA100F3D6F7 /* PuzzleAI */,
				8210E3DC2C9B7AA300F3D6F7 /* PuzzleAITests */,
				8210E3E62C9B7AA300F3D6F7 /* PuzzleAIUITests */,
				823942AE2CA2018A0083CB37 /* Frameworks */,
				8210E3CA2C9B7AA100F3D6F7 /* Products */,
			);
			sourceTree = "<group>";
		};
		8210E3CA2C9B7AA100F3D6F7 /* Products */ = {
			isa = PBXGroup;
			children = (
				8210E3C92C9B7AA100F3D6F7 /* PuzzleAI.app */,
				8210E3D92C9B7AA300F3D6F7 /* PuzzleAITests.xctest */,
				8210E3E32C9B7AA300F3D6F7 /* PuzzleAIUITests.xctest */,
			);
			name = Products;
			sourceTree = "<group>";
		};
		823942AE2CA2018A0083CB37 /* Frameworks */ = {
			isa = PBXGroup;
			children = (
				823942AF2CA2018A0083CB37 /* StoreKit.framework */,
			);
			name = Frameworks;
			sourceTree = "<group>";
		};
/* End PBXGroup section */

/* Begin PBXNativeTarget section */
		8210E3C82C9B7AA100F3D6F7 /* PuzzleAI */ = {
			isa = PBXNativeTarget;
			buildConfigurationList = 8210E3ED2C9B7AA300F3D6F7 /* Build configuration list for PBXNativeTarget "PuzzleAI" */;
			buildPhases = (
				8210E3C52C9B7AA100F3D6F7 /* Sources */,
				8210E3C62C9B7AA100F3D6F7 /* Frameworks */,
				8210E3C72C9B7AA100F3D6F7 /* Resources */,
			);
			buildRules = (
			);
			dependencies = (
			);
			fileSystemSynchronizedGroups = (
				8210E3CB2C9B7AA100F3D6F7 /* PuzzleAI */,
			);
			name = PuzzleAI;
			packageProductDependencies = (
				8239438B2CA203440083CB37 /* Lottie */,
			);
			productName = PuzzleAI;
			productReference = 8210E3C92C9B7AA100F3D6F7 /* PuzzleAI.app */;
			productType = "com.apple.product-type.application";
		};
		8210E3D82C9B7AA300F3D6F7 /* PuzzleAITests */ = {
			isa = PBXNativeTarget;
			buildConfigurationList = 8210E3F02C9B7AA300F3D6F7 /* Build configuration list for PBXNativeTarget "PuzzleAITests" */;
			buildPhases = (
				8210E3D52C9B7AA300F3D6F7 /* Sources */,
				8210E3D62C9B7AA300F3D6F7 /* Frameworks */,
				8210E3D72C9B7AA300F3D6F7 /* Resources */,
			);
			buildRules = (
			);
			dependencies = (
				8210E3DB2C9B7AA300F3D6F7 /* PBXTargetDependency */,
			);
			fileSystemSynchronizedGroups = (
				8210E3DC2C9B7AA300F3D6F7 /* PuzzleAITests */,
			);
			name = PuzzleAITests;
			packageProductDependencies = (
			);
			productName = PuzzleAITests;
			productReference = 8210E3D92C9B7AA300F3D6F7 /* PuzzleAITests.xctest */;
			productType = "com.apple.product-type.bundle.unit-test";
		};
		8210E3E22C9B7AA300F3D6F7 /* PuzzleAIUITests */ = {
			isa = PBXNativeTarget;
			buildConfigurationList = 8210E3F32C9B7AA300F3D6F7 /* Build configuration list for PBXNativeTarget "PuzzleAIUITests" */;
			buildPhases = (
				8210E3DF2C9B7AA300F3D6F7 /* Sources */,
				8210E3E02C9B7AA300F3D6F7 /* Frameworks */,
				8210E3E12C9B7AA300F3D6F7 /* Resources */,
			);
			buildRules = (
			);
			dependencies = (
				8210E3E52C9B7AA300F3D6F7 /* PBXTargetDependency */,
			);
			fileSystemSynchronizedGroups = (
				8210E3E62C9B7AA300F3D6F7 /* PuzzleAIUITests */,
			);
			name = PuzzleAIUITests;
			packageProductDependencies = (
			);
			productName = PuzzleAIUITests;
			productReference = 8210E3E32C9B7AA300F3D6F7 /* PuzzleAIUITests.xctest */;
			productType = "com.apple.product-type.bundle.ui-testing";
		};
/* End PBXNativeTarget section */

/* Begin PBXProject section */
		8210E3C12C9B7AA100F3D6F7 /* Project object */ = {
			isa = PBXProject;
			attributes = {
				BuildIndependentTargetsInParallel = 1;
				LastSwiftUpdateCheck = 1600;
				LastUpgradeCheck = 1600;
				TargetAttributes = {
					8210E3C82C9B7AA100F3D6F7 = {
						CreatedOnToolsVersion = 16.0;
					};
					8210E3D82C9B7AA300F3D6F7 = {
						CreatedOnToolsVersion = 16.0;
						TestTargetID = 8210E3C82C9B7AA100F3D6F7;
					};
					8210E3E22C9B7AA300F3D6F7 = {
						CreatedOnToolsVersion = 16.0;
						TestTargetID = 8210E3C82C9B7AA100F3D6F7;
					};
				};
			};
			buildConfigurationList = 8210E3C42C9B7AA100F3D6F7 /* Build configuration list for PBXProject "PuzzleAI" */;
			developmentRegion = en;
			hasScannedForEncodings = 0;
			knownRegions = (
				en,
				Base,
			);
			mainGroup = 8210E3C02C9B7AA100F3D6F7;
			minimizedProjectReferenceProxies = 1;
			packageReferences = (
				823942B32CA203010083CB37 /* XCRemoteSwiftPackageReference "lottie-spm" */,
			);
			preferredProjectObjectVersion = 77;
			productRefGroup = 8210E3CA2C9B7AA100F3D6F7 /* Products */;
			projectDirPath = "";
			projectRoot = "";
			targets = (
				8210E3C82C9B7AA100F3D6F7 /* PuzzleAI */,
				8210E3D82C9B7AA300F3D6F7 /* PuzzleAITests */,
				8210E3E22C9B7AA300F3D6F7 /* PuzzleAIUITests */,
			);
		};
/* End PBXProject section */

/* Begin PBXResourcesBuildPhase section */
		8210E3C72C9B7AA100F3D6F7 /* Resources */ = {
			isa = PBXResourcesBuildPhase;
			buildActionMask = 2147483647;
			files = (
			);
			runOnlyForDeploymentPostprocessing = 0;
		};
		8210E3D72C9B7AA300F3D6F7 /* Resources */ = {
			isa = PBXResourcesBuildPhase;
			buildActionMask = 2147483647;
			files = (
			);
			runOnlyForDeploymentPostprocessing = 0;
		};
		8210E3E12C9B7AA300F3D6F7 /* Resources */ = {
			isa = PBXResourcesBuildPhase;
			buildActionMask = 2147483647;
			files = (
			);
			runOnlyForDeploymentPostprocessing = 0;
		};
/* End PBXResourcesBuildPhase section */

/* Begin PBXSourcesBuildPhase section */
		8210E3C52C9B7AA100F3D6F7 /* Sources */ = {
			isa = PBXSourcesBuildPhase;
			buildActionMask = 2147483647;
			files = (
			);
			runOnlyForDeploymentPostprocessing = 0;
		};
		8210E3D52C9B7AA300F3D6F7 /* Sources */ = {
			isa = PBXSourcesBuildPhase;
			buildActionMask = 2147483647;
			files = (
			);
			runOnlyForDeploymentPostprocessing = 0;
		};
		8210E3DF2C9B7AA300F3D6F7 /* Sources */ = {
			isa = PBXSourcesBuildPhase;
			buildActionMask = 2147483647;
			files = (
			);
			runOnlyForDeploymentPostprocessing = 0;
		};
/* End PBXSourcesBuildPhase section */

/* Begin PBXTargetDependency section */
		8210E3DB2C9B7AA300F3D6F7 /* PBXTargetDependency */ = {
			isa = PBXTargetDependency;
			target = 8210E3C82C9B7AA100F3D6F7 /* PuzzleAI */;
			targetProxy = 8210E3DA2C9B7AA300F3D6F7 /* PBXContainerItemProxy */;
		};
		8210E3E52C9B7AA300F3D6F7 /* PBXTargetDependency */ = {
			isa = PBXTargetDependency;
			target = 8210E3C82C9B7AA100F3D6F7 /* PuzzleAI */;
			targetProxy = 8210E3E42C9B7AA300F3D6F7 /* PBXContainerItemProxy */;
		};
/* End PBXTargetDependency section */

/* Begin XCBuildConfiguration section */
		8210E3EB2C9B7AA300F3D6F7 /* Debug */ = {
			isa = XCBuildConfiguration;
			buildSettings = {
				ALWAYS_SEARCH_USER_PATHS = NO;
				ASSETCATALOG_COMPILER_GENERATE_SWIFT_ASSET_SYMBOL_EXTENSIONS = YES;
				CLANG_ANALYZER_NONNULL = YES;
				CLANG_ANALYZER_NUMBER_OBJECT_CONVERSION = YES_AGGRESSIVE;
				CLANG_CXX_LANGUAGE_STANDARD = "gnu++20";
				CLANG_ENABLE_MODULES = YES;
				CLANG_ENABLE_OBJC_ARC = YES;
				CLANG_ENABLE_OBJC_WEAK = YES;
				CLANG_WARN_BLOCK_CAPTURE_AUTORELEASING = YES;
				CLANG_WARN_BOOL_CONVERSION = YES;
				CLANG_WARN_COMMA = YES;
				CLANG_WARN_CONSTANT_CONVERSION = YES;
				CLANG_WARN_DEPRECATED_OBJC_IMPLEMENTATIONS = YES;
				CLANG_WARN_DIRECT_OBJC_ISA_USAGE = YES_ERROR;
				CLANG_WARN_DOCUMENTATION_COMMENTS = YES;
				CLANG_WARN_EMPTY_BODY = YES;
				CLANG_WARN_ENUM_CONVERSION = YES;
				CLANG_WARN_INFINITE_RECURSION = YES;
				CLANG_WARN_INT_CONVERSION = YES;
				CLANG_WARN_NON_LITERAL_NULL_CONVERSION = YES;
				CLANG_WARN_OBJC_IMPLICIT_RETAIN_SELF = YES;
				CLANG_WARN_OBJC_LITERAL_CONVERSION = YES;
				CLANG_WARN_OBJC_ROOT_CLASS = YES_ERROR;
				CLANG_WARN_QUOTED_INCLUDE_IN_FRAMEWORK_HEADER = YES;
				CLANG_WARN_RANGE_LOOP_ANALYSIS = YES;
				CLANG_WARN_STRICT_PROTOTYPES = YES;
				CLANG_WARN_SUSPICIOUS_MOVE = YES;
				CLANG_WARN_UNGUARDED_AVAILABILITY = YES_AGGRESSIVE;
				CLANG_WARN_UNREACHABLE_CODE = YES;
				CLANG_WARN__DUPLICATE_METHOD_MATCH = YES;
				COPY_PHASE_STRIP = NO;
				DEBUG_INFORMATION_FORMAT = dwarf;
				ENABLE_STRICT_OBJC_MSGSEND = YES;
				ENABLE_TESTABILITY = YES;
				ENABLE_USER_SCRIPT_SANDBOXING = YES;
				GCC_C_LANGUAGE_STANDARD = gnu17;
				GCC_DYNAMIC_NO_PIC = NO;
				GCC_NO_COMMON_BLOCKS = YES;
				GCC_OPTIMIZATION_LEVEL = 0;
				GCC_PREPROCESSOR_DEFINITIONS = (
					"DEBUG=1",
					"$(inherited)",
				);
				GCC_WARN_64_TO_32_BIT_CONVERSION = YES;
				GCC_WARN_ABOUT_RETURN_TYPE = YES_ERROR;
				GCC_WARN_UNDECLARED_SELECTOR = YES;
				GCC_WARN_UNINITIALIZED_AUTOS = YES_AGGRESSIVE;
				GCC_WARN_UNUSED_FUNCTION = YES;
				GCC_WARN_UNUSED_VARIABLE = YES;
				IPHONEOS_DEPLOYMENT_TARGET = 18.0;
				LOCALIZATION_PREFERS_STRING_CATALOGS = YES;
				MTL_ENABLE_DEBUG_INFO = INCLUDE_SOURCE;
				MTL_FAST_MATH = YES;
				ONLY_ACTIVE_ARCH = YES;
				SDKROOT = iphoneos;
				SWIFT_ACTIVE_COMPILATION_CONDITIONS = "DEBUG $(inherited)";
				SWIFT_OPTIMIZATION_LEVEL = "-Onone";
			};
			name = Debug;
		};
		8210E3EC2C9B7AA300F3D6F7 /* Release */ = {
			isa = XCBuildConfiguration;
			buildSettings = {
				ALWAYS_SEARCH_USER_PATHS = NO;
				ASSETCATALOG_COMPILER_GENERATE_SWIFT_ASSET_SYMBOL_EXTENSIONS = YES;
				CLANG_ANALYZER_NONNULL = YES;
				CLANG_ANALYZER_NUMBER_OBJECT_CONVERSION = YES_AGGRESSIVE;
				CLANG_CXX_LANGUAGE_STANDARD = "gnu++20";
				CLANG_ENABLE_MODULES = YES;
				CLANG_ENABLE_OBJC_ARC = YES;
				CLANG_ENABLE_OBJC_WEAK = YES;
				CLANG_WARN_BLOCK_CAPTURE_AUTORELEASING = YES;
				CLANG_WARN_BOOL_CONVERSION = YES;
				CLANG_WARN_COMMA = YES;
				CLANG_WARN_CONSTANT_CONVERSION = YES;
				CLANG_WARN_DEPRECATED_OBJC_IMPLEMENTATIONS = YES;
				CLANG_WARN_DIRECT_OBJC_ISA_USAGE = YES_ERROR;
				CLANG_WARN_DOCUMENTATION_COMMENTS = YES;
				CLANG_WARN_EMPTY_BODY = YES;
				CLANG_WARN_ENUM_CONVERSION = YES;
				CLANG_WARN_INFINITE_RECURSION = YES;
				CLANG_WARN_INT_CONVERSION = YES;
				CLANG_WARN_NON_LITERAL_NULL_CONVERSION = YES;
				CLANG_WARN_OBJC_IMPLICIT_RETAIN_SELF = YES;
				CLANG_WARN_OBJC_LITERAL_CONVERSION = YES;
				CLANG_WARN_OBJC_ROOT_CLASS = YES_ERROR;
				CLANG_WARN_QUOTED_INCLUDE_IN_FRAMEWORK_HEADER = YES;
				CLANG_WARN_RANGE_LOOP_ANALYSIS = YES;
				CLANG_WARN_STRICT_PROTOTYPES = YES;
				CLANG_WARN_SUSPICIOUS_MOVE = YES;
				CLANG_WARN_UNGUARDED_AVAILABILITY = YES_AGGRESSIVE;
				CLANG_WARN_UNREACHABLE_CODE = YES;
				CLANG_WARN__DUPLICATE_METHOD_MATCH = YES;
				COPY_PHASE_STRIP = NO;
				DEBUG_INFORMATION_FORMAT = "dwarf-with-dsym";
				ENABLE_NS_ASSERTIONS = NO;
				ENABLE_STRICT_OBJC_MSGSEND = YES;
				ENABLE_USER_SCRIPT_SANDBOXING = YES;
				GCC_C_LANGUAGE_STANDARD = gnu17;
				GCC_NO_COMMON_BLOCKS = YES;
				GCC_WARN_64_TO_32_BIT_CONVERSION = YES;
				GCC_WARN_ABOUT_RETURN_TYPE = YES_ERROR;
				GCC_WARN_UNDECLARED_SELECTOR = YES;
				GCC_WARN_UNINITIALIZED_AUTOS = YES_AGGRESSIVE;
				GCC_WARN_UNUSED_FUNCTION = YES;
				GCC_WARN_UNUSED_VARIABLE = YES;
				IPHONEOS_DEPLOYMENT_TARGET = 18.0;
				LOCALIZATION_PREFERS_STRING_CATALOGS = YES;
				MTL_ENABLE_DEBUG_INFO = NO;
				MTL_FAST_MATH = YES;
				SDKROOT = iphoneos;
				SWIFT_COMPILATION_MODE = wholemodule;
				VALIDATE_PRODUCT = YES;
			};
			name = Release;
		};
		8210E3EE2C9B7AA300F3D6F7 /* Debug */ = {
			isa = XCBuildConfiguration;
			buildSettings = {
				ASSETCATALOG_COMPILER_APPICON_NAME = AppIcon;
				ASSETCATALOG_COMPILER_GLOBAL_ACCENT_COLOR_NAME = AccentColor;
				CODE_SIGN_ENTITLEMENTS = PuzzleAI/PuzzleAI.entitlements;
				CODE_SIGN_STYLE = Automatic;
				CURRENT_PROJECT_VERSION = 1;
				DEVELOPMENT_ASSET_PATHS = "\"PuzzleAI/Preview Content\"";
				DEVELOPMENT_TEAM = FQA2XH9ZUM;
				ENABLE_PREVIEWS = YES;
				GENERATE_INFOPLIST_FILE = YES;
				INFOPLIST_FILE = PuzzleAI/Info.plist;
				INFOPLIST_KEY_UIApplicationSceneManifest_Generation = YES;
				INFOPLIST_KEY_UIApplicationSupportsIndirectInputEvents = YES;
				INFOPLIST_KEY_UILaunchScreen_Generation = YES;
				INFOPLIST_KEY_UISupportedInterfaceOrientations_iPad = "UIInterfaceOrientationPortrait UIInterfaceOrientationPortraitUpsideDown UIInterfaceOrientationLandscapeLeft UIInterfaceOrientationLandscapeRight";
				INFOPLIST_KEY_UISupportedInterfaceOrientations_iPhone = "UIInterfaceOrientationPortrait UIInterfaceOrientationLandscapeLeft UIInterfaceOrientationLandscapeRight";
				IPHONEOS_DEPLOYMENT_TARGET = 15;
				LD_RUNPATH_SEARCH_PATHS = (
					"$(inherited)",
					"@executable_path/Frameworks",
				);
				MARKETING_VERSION = 1.0;
				PRODUCT_BUNDLE_IDENTIFIER = com.dovhiy.Developer.PuzzlesAI;
				PRODUCT_NAME = "$(TARGET_NAME)";
				SWIFT_EMIT_LOC_STRINGS = YES;
				SWIFT_VERSION = 5.0;
				TARGETED_DEVICE_FAMILY = "1,2";
			};
			name = Debug;
		};
		8210E3EF2C9B7AA300F3D6F7 /* Release */ = {
			isa = XCBuildConfiguration;
			buildSettings = {
				ASSETCATALOG_COMPILER_APPICON_NAME = AppIcon;
				ASSETCATALOG_COMPILER_GLOBAL_ACCENT_COLOR_NAME = AccentColor;
				CODE_SIGN_ENTITLEMENTS = PuzzleAI/PuzzleAI.entitlements;
				CODE_SIGN_STYLE = Automatic;
				CURRENT_PROJECT_VERSION = 1;
				DEVELOPMENT_ASSET_PATHS = "\"PuzzleAI/Preview Content\"";
				DEVELOPMENT_TEAM = FQA2XH9ZUM;
				ENABLE_PREVIEWS = YES;
				GENERATE_INFOPLIST_FILE = YES;
				INFOPLIST_FILE = PuzzleAI/Info.plist;
				INFOPLIST_KEY_UIApplicationSceneManifest_Generation = YES;
				INFOPLIST_KEY_UIApplicationSupportsIndirectInputEvents = YES;
				INFOPLIST_KEY_UILaunchScreen_Generation = YES;
				INFOPLIST_KEY_UISupportedInterfaceOrientations_iPad = "UIInterfaceOrientationPortrait UIInterfaceOrientationPortraitUpsideDown UIInterfaceOrientationLandscapeLeft UIInterfaceOrientationLandscapeRight";
				INFOPLIST_KEY_UISupportedInterfaceOrientations_iPhone = "UIInterfaceOrientationPortrait UIInterfaceOrientationLandscapeLeft UIInterfaceOrientationLandscapeRight";
				IPHONEOS_DEPLOYMENT_TARGET = 15;
				LD_RUNPATH_SEARCH_PATHS = (
					"$(inherited)",
					"@executable_path/Frameworks",
				);
				MARKETING_VERSION = 1.0;
				PRODUCT_BUNDLE_IDENTIFIER = com.dovhiy.Developer.PuzzlesAI;
				PRODUCT_NAME = "$(TARGET_NAME)";
				SWIFT_EMIT_LOC_STRINGS = YES;
				SWIFT_VERSION = 5.0;
				TARGETED_DEVICE_FAMILY = "1,2";
			};
			name = Release;
		};
		8210E3F12C9B7AA300F3D6F7 /* Debug */ = {
			isa = XCBuildConfiguration;
			buildSettings = {
				BUNDLE_LOADER = "$(TEST_HOST)";
				CODE_SIGN_STYLE = Automatic;
				CURRENT_PROJECT_VERSION = 1;
				DEVELOPMENT_TEAM = FQA2XH9ZUM;
				GENERATE_INFOPLIST_FILE = YES;
				IPHONEOS_DEPLOYMENT_TARGET = 18.0;
				MARKETING_VERSION = 1.0;
				PRODUCT_BUNDLE_IDENTIFIER = com.dovhiy.PuzzleAITests;
				PRODUCT_NAME = "$(TARGET_NAME)";
				SWIFT_EMIT_LOC_STRINGS = NO;
				SWIFT_VERSION = 5.0;
				TARGETED_DEVICE_FAMILY = "1,2";
				TEST_HOST = "$(BUILT_PRODUCTS_DIR)/PuzzleAI.app/$(BUNDLE_EXECUTABLE_FOLDER_PATH)/PuzzleAI";
			};
			name = Debug;
		};
		8210E3F22C9B7AA300F3D6F7 /* Release */ = {
			isa = XCBuildConfiguration;
			buildSettings = {
				BUNDLE_LOADER = "$(TEST_HOST)";
				CODE_SIGN_STYLE = Automatic;
				CURRENT_PROJECT_VERSION = 1;
				DEVELOPMENT_TEAM = FQA2XH9ZUM;
				GENERATE_INFOPLIST_FILE = YES;
				IPHONEOS_DEPLOYMENT_TARGET = 18.0;
				MARKETING_VERSION = 1.0;
				PRODUCT_BUNDLE_IDENTIFIER = com.dovhiy.PuzzleAITests;
				PRODUCT_NAME = "$(TARGET_NAME)";
				SWIFT_EMIT_LOC_STRINGS = NO;
				SWIFT_VERSION = 5.0;
				TARGETED_DEVICE_FAMILY = "1,2";
				TEST_HOST = "$(BUILT_PRODUCTS_DIR)/PuzzleAI.app/$(BUNDLE_EXECUTABLE_FOLDER_PATH)/PuzzleAI";
			};
			name = Release;
		};
		8210E3F42C9B7AA300F3D6F7 /* Debug */ = {
			isa = XCBuildConfiguration;
			buildSettings = {
				CODE_SIGN_STYLE = Automatic;
				CURRENT_PROJECT_VERSION = 1;
				DEVELOPMENT_TEAM = FQA2XH9ZUM;
				GENERATE_INFOPLIST_FILE = YES;
				MARKETING_VERSION = 1.0;
				PRODUCT_BUNDLE_IDENTIFIER = com.dovhiy.PuzzleAIUITests;
				PRODUCT_NAME = "$(TARGET_NAME)";
				SWIFT_EMIT_LOC_STRINGS = NO;
				SWIFT_VERSION = 5.0;
				TARGETED_DEVICE_FAMILY = "1,2";
				TEST_TARGET_NAME = PuzzleAI;
			};
			name = Debug;
		};
		8210E3F52C9B7AA300F3D6F7 /* Release */ = {
			isa = XCBuildConfiguration;
			buildSettings = {
				CODE_SIGN_STYLE = Automatic;
				CURRENT_PROJECT_VERSION = 1;
				DEVELOPMENT_TEAM = FQA2XH9ZUM;
				GENERATE_INFOPLIST_FILE = YES;
				MARKETING_VERSION = 1.0;
				PRODUCT_BUNDLE_IDENTIFIER = com.dovhiy.PuzzleAIUITests;
				PRODUCT_NAME = "$(TARGET_NAME)";
				SWIFT_EMIT_LOC_STRINGS = NO;
				SWIFT_VERSION = 5.0;
				TARGETED_DEVICE_FAMILY = "1,2";
				TEST_TARGET_NAME = PuzzleAI;
			};
			name = Release;
		};
/* End XCBuildConfiguration section */

/* Begin XCConfigurationList section */
		8210E3C42C9B7AA100F3D6F7 /* Build configuration list for PBXProject "PuzzleAI" */ = {
			isa = XCConfigurationList;
			buildConfigurations = (
				8210E3EB2C9B7AA300F3D6F7 /* Debug */,
				8210E3EC2C9B7AA300F3D6F7 /* Release */,
			);
			defaultConfigurationIsVisible = 0;
			defaultConfigurationName = Release;
		};
		8210E3ED2C9B7AA300F3D6F7 /* Build configuration list for PBXNativeTarget "PuzzleAI" */ = {
			isa = XCConfigurationList;
			buildConfigurations = (
				8210E3EE2C9B7AA300F3D6F7 /* Debug */,
				8210E3EF2C9B7AA300F3D6F7 /* Release */,
			);
			defaultConfigurationIsVisible = 0;
			defaultConfigurationName = Release;
		};
		8210E3F02C9B7AA300F3D6F7 /* Build configuration list for PBXNativeTarget "PuzzleAITests" */ = {
			isa = XCConfigurationList;
			buildConfigurations = (
				8210E3F12C9B7AA300F3D6F7 /* Debug */,
				8210E3F22C9B7AA300F3D6F7 /* Release */,
			);
			defaultConfigurationIsVisible = 0;
			defaultConfigurationName = Release;
		};
		8210E3F32C9B7AA300F3D6F7 /* Build configuration list for PBXNativeTarget "PuzzleAIUITests" */ = {
			isa = XCConfigurationList;
			buildConfigurations = (
				8210E3F42C9B7AA300F3D6F7 /* Debug */,
				8210E3F52C9B7AA300F3D6F7 /* Release */,
			);
			defaultConfigurationIsVisible = 0;
			defaultConfigurationName = Release;
		};
/* End XCConfigurationList section */

/* Begin XCRemoteSwiftPackageReference section */
		823942B32CA203010083CB37 /* XCRemoteSwiftPackageReference "lottie-spm" */ = {
			isa = XCRemoteSwiftPackageReference;
			repositoryURL = "https://github.com/airbnb/lottie-spm";
			requirement = {
				kind = upToNextMajorVersion;
				minimumVersion = 4.5.0;
			};
		};
/* End XCRemoteSwiftPackageReference section */

/* Begin XCSwiftPackageProductDependency section */
		8239438B2CA203440083CB37 /* Lottie */ = {
			isa = XCSwiftPackageProductDependency;
			package = 823942B32CA203010083CB37 /* XCRemoteSwiftPackageReference "lottie-spm" */;
			productName = Lottie;
		};
/* End XCSwiftPackageProductDependency section */
	};
	rootObject = 8210E3C12C9B7AA100F3D6F7 /* Project object */;
}
